
Microsoft Visual Studio Solution File, Format Version 12.00
# Visual Studio Version 16
VisualStudioVersion = 16.6.30114.105
MinimumVisualStudioVersion = 10.0.40219.1
Project("{2150E333-8FDC-42A3-9474-1A3956D46DE8}") = "src", "src", "{727632CA-1288-47A7-93E8-BAB1B8E97C0C}"
EndProject
Project("{2150E333-8FDC-42A3-9474-1A3956D46DE8}") = "01 - App", "01 - App", "{B0C565F8-4B24-4C1A-97FF-A675732EB5A5}"
EndProject
Project("{2150E333-8FDC-42A3-9474-1A3956D46DE8}") = "02 - API", "02 - API", "{8909AFE8-27A4-4DBB-9521-4C10F7F3D198}"
EndProject
Project("{2150E333-8FDC-42A3-9474-1A3956D46DE8}") = "03 - BL", "03 - BL", "{CC1B4F88-F8C0-49AA-B23B-3758A4AED2DC}"
EndProject
Project("{2150E333-8FDC-42A3-9474-1A3956D46DE8}") = "04 - DAL", "04 - DAL", "{FBE77839-3605-431C-B18E-44B40CB34699}"
EndProject
Project("{2150E333-8FDC-42A3-9474-1A3956D46DE8}") = "05 - Database", "05 - Database", "{F4E38590-0775-4E48-8C12-04F2E9F1B54A}"
EndProject
Project("{2150E333-8FDC-42A3-9474-1A3956D46DE8}") = "07 - Tests", "07 - Tests", "{F9DCF6B1-12E9-40CC-9A6D-BD4A96A5410D}"
EndProject
Project("{FAE04EC0-301F-11D3-BF4B-00C04F79EFBC}") = "ProcessorCSV.App", "ProcessorCSV.App\ProcessorCSV.App.csproj", "{BDA48E04-DE7C-44C4-9CC8-D1A891546DF1}"
EndProject
Project("{FAE04EC0-301F-11D3-BF4B-00C04F79EFBC}") = "ProcessorCSV.API", "ProcessorCSV.API\ProcessorCSV.API.csproj", "{E753260A-5C2B-4501-8A8A-07473B05D95C}"
EndProject
Project("{FAE04EC0-301F-11D3-BF4B-00C04F79EFBC}") = "ProcessorCSV.Services", "ProcessorCSV.Services\ProcessorCSV.Services.csproj", "{9DE62E2C-1868-403A-B791-63B7EEF0FE2D}"
EndProject
Project("{FAE04EC0-301F-11D3-BF4B-00C04F79EFBC}") = "ProcessorCSV.DAL", "ProcessorCSV.DAL\ProcessorCSV.DAL.csproj", "{7D8C1CFC-F510-4170-9FAF-F66349A8D927}"
EndProject
Project("{00D1A9C2-B5F0-4AF3-8072-F6C62B433612}") = "ProcessorCSV.DB", "ProcessorCSV.DB\ProcessorCSV.DB.sqlproj", "{618A47D9-555E-4FC1-B66B-1ACA9AB22146}"
EndProject
Project("{2150E333-8FDC-42A3-9474-1A3956D46DE8}") = "06 - Utils", "06 - Utils", "{871934B8-B668-4F66-BD4A-D67CE3DDBAFC}"
EndProject
Project("{FAE04EC0-301F-11D3-BF4B-00C04F79EFBC}") = "ProcessorCSV.Util", "ProcessorCSV.Util\ProcessorCSV.Util.csproj", "{58427F1A-FD81-44F1-853D-CCFE58B4442D}"
EndProject
Global
	GlobalSection(SolutionConfigurationPlatforms) = preSolution
		Debug|Any CPU = Debug|Any CPU
		Release|Any CPU = Release|Any CPU
	EndGlobalSection
	GlobalSection(ProjectConfigurationPlatforms) = postSolution
		{BDA48E04-DE7C-44C4-9CC8-D1A891546DF1}.Debug|Any CPU.ActiveCfg = Debug|Any CPU
		{BDA48E04-DE7C-44C4-9CC8-D1A891546DF1}.Debug|Any CPU.Build.0 = Debug|Any CPU
		{BDA48E04-DE7C-44C4-9CC8-D1A891546DF1}.Release|Any CPU.ActiveCfg = Release|Any CPU
		{BDA48E04-DE7C-44C4-9CC8-D1A891546DF1}.Release|Any CPU.Build.0 = Release|Any CPU
		{E753260A-5C2B-4501-8A8A-07473B05D95C}.Debug|Any CPU.ActiveCfg = Debug|Any CPU
		{E753260A-5C2B-4501-8A8A-07473B05D95C}.Debug|Any CPU.Build.0 = Debug|Any CPU
		{E753260A-5C2B-4501-8A8A-07473B05D95C}.Release|Any CPU.ActiveCfg = Release|Any CPU
		{E753260A-5C2B-4501-8A8A-07473B05D95C}.Release|Any CPU.Build.0 = Release|Any CPU
		{9DE62E2C-1868-403A-B791-63B7EEF0FE2D}.Debug|Any CPU.ActiveCfg = Debug|Any CPU
		{9DE62E2C-1868-403A-B791-63B7EEF0FE2D}.Debug|Any CPU.Build.0 = Debug|Any CPU
		{9DE62E2C-1868-403A-B791-63B7EEF0FE2D}.Release|Any CPU.ActiveCfg = Release|Any CPU
		{9DE62E2C-1868-403A-B791-63B7EEF0FE2D}.Release|Any CPU.Build.0 = Release|Any CPU
		{7D8C1CFC-F510-4170-9FAF-F66349A8D927}.Debug|Any CPU.ActiveCfg = Debug|Any CPU
		{7D8C1CFC-F510-4170-9FAF-F66349A8D927}.Debug|Any CPU.Build.0 = Debug|Any CPU
		{7D8C1CFC-F510-4170-9FAF-F66349A8D927}.Release|Any CPU.ActiveCfg = Release|Any CPU
		{7D8C1CFC-F510-4170-9FAF-F66349A8D927}.Release|Any CPU.Build.0 = Release|Any CPU
		{618A47D9-555E-4FC1-B66B-1ACA9AB22146}.Debug|Any CPU.ActiveCfg = Debug|Any CPU
		{618A47D9-555E-4FC1-B66B-1ACA9AB22146}.Debug|Any CPU.Build.0 = Debug|Any CPU
		{618A47D9-555E-4FC1-B66B-1ACA9AB22146}.Debug|Any CPU.Deploy.0 = Debug|Any CPU
		{618A47D9-555E-4FC1-B66B-1ACA9AB22146}.Release|Any CPU.ActiveCfg = Release|Any CPU
		{618A47D9-555E-4FC1-B66B-1ACA9AB22146}.Release|Any CPU.Build.0 = Release|Any CPU
		{618A47D9-555E-4FC1-B66B-1ACA9AB22146}.Release|Any CPU.Deploy.0 = Release|Any CPU
		{58427F1A-FD81-44F1-853D-CCFE58B4442D}.Debug|Any CPU.ActiveCfg = Debug|Any CPU
		{58427F1A-FD81-44F1-853D-CCFE58B4442D}.Debug|Any CPU.Build.0 = Debug|Any CPU
		{58427F1A-FD81-44F1-853D-CCFE58B4442D}.Release|Any CPU.ActiveCfg = Release|Any CPU
		{58427F1A-FD81-44F1-853D-CCFE58B4442D}.Release|Any CPU.Build.0 = Release|Any CPU
	EndGlobalSection
	GlobalSection(SolutionProperties) = preSolution
		HideSolutionNode = FALSE
	EndGlobalSection
	GlobalSection(NestedProjects) = preSolution
		{B0C565F8-4B24-4C1A-97FF-A675732EB5A5} = {727632CA-1288-47A7-93E8-BAB1B8E97C0C}
		{8909AFE8-27A4-4DBB-9521-4C10F7F3D198} = {727632CA-1288-47A7-93E8-BAB1B8E97C0C}
		{CC1B4F88-F8C0-49AA-B23B-3758A4AED2DC} = {727632CA-1288-47A7-93E8-BAB1B8E97C0C}
		{FBE77839-3605-431C-B18E-44B40CB34699} = {727632CA-1288-47A7-93E8-BAB1B8E97C0C}
		{F4E38590-0775-4E48-8C12-04F2E9F1B54A} = {727632CA-1288-47A7-93E8-BAB1B8E97C0C}
		{F9DCF6B1-12E9-40CC-9A6D-BD4A96A5410D} = {727632CA-1288-47A7-93E8-BAB1B8E97C0C}
		{BDA48E04-DE7C-44C4-9CC8-D1A891546DF1} = {B0C565F8-4B24-4C1A-97FF-A675732EB5A5}
		{E753260A-5C2B-4501-8A8A-07473B05D95C} = {8909AFE8-27A4-4DBB-9521-4C10F7F3D198}
		{9DE62E2C-1868-403A-B791-63B7EEF0FE2D} = {CC1B4F88-F8C0-49AA-B23B-3758A4AED2DC}
		{7D8C1CFC-F510-4170-9FAF-F66349A8D927} = {FBE77839-3605-431C-B18E-44B40CB34699}
		{618A47D9-555E-4FC1-B66B-1ACA9AB22146} = {F4E38590-0775-4E48-8C12-04F2E9F1B54A}
		{871934B8-B668-4F66-BD4A-D67CE3DDBAFC} = {727632CA-1288-47A7-93E8-BAB1B8E97C0C}
		{58427F1A-FD81-44F1-853D-CCFE58B4442D} = {871934B8-B668-4F66-BD4A-D67CE3DDBAFC}
	EndGlobalSection
	GlobalSection(ExtensibilityGlobals) = postSolution
		SolutionGuid = {C5B7B57D-D91D-4EB1-A9DA-148C5D3D2E01}
	EndGlobalSection
EndGlobal
